
Microsoft Visual Studio Solution File, Format Version 12.00
# Visual Studio Version 17
VisualStudioVersion = 17.5.002.0
MinimumVisualStudioVersion = 10.0.40219.1
Project("{9A19103F-16F7-4668-BE54-9A1E7A4F7556}") = "Console", "Console.csproj", "{D17B6704-4803-4854-8E79-816943DD553F}"
EndProject
Global
	GlobalSection(SolutionConfigurationPlatforms) = preSolution
		Debug|Any CPU = Debug|Any CPU
		Release|Any CPU = Release|Any CPU
	EndGlobalSection
	GlobalSection(ProjectConfigurationPlatforms) = postSolution
		{D17B6704-4803-4854-8E79-816943DD553F}.Debug|Any CPU.ActiveCfg = Debug|Any CPU
		{D17B6704-4803-4854-8E79-816943DD553F}.Debug|Any CPU.Build.0 = Debug|Any CPU
		{D17B6704-4803-4854-8E79-816943DD553F}.Release|Any CPU.ActiveCfg = Release|Any CPU
		{D17B6704-4803-4854-8E79-816943DD553F}.Release|Any CPU.Build.0 = Release|Any CPU
	EndGlobalSection
	GlobalSection(SolutionProperties) = preSolution
		HideSolutionNode = FALSE
	EndGlobalSection
	GlobalSection(ExtensibilityGlobals) = postSolution
		SolutionGuid = {D219A72E-52B4-4637-AEBE-CBEADD2AE028}
	EndGlobalSection
EndGlobal
